{
  "name": "miniprogram-4",
  "version": "1.0.0",
  "lockfileVersion": 1,
  "requires": true,
  "dependencies": {
    "@opcjs/zoro": {
      "version": "3.0.1",
      "resolved": "https://registry.npm.taobao.org/@opcjs/zoro/download/@opcjs/zoro-3.0.1.tgz",
      "integrity": "sha1-scebCp5XAJ9dazd3bDF/sJ0pFqM=",
      "requires": {
        "redux": "^4.0.0"
      }
    },
    "@opcjs/zoro-plugin": {
      "version": "3.0.0",
      "resolved": "https://registry.npm.taobao.org/@opcjs/zoro-plugin/download/@opcjs/zoro-plugin-3.0.0.tgz",
      "integrity": "sha1-qxgd1G0F0oKJt7twe+3qpTlrEr0="
    },
    "js-tokens": {
      "version": "4.0.0",
      "resolved": "https://registry.npm.taobao.org/js-tokens/download/js-tokens-4.0.0.tgz",
      "integrity": "sha1-GSA/tZmR35jjoocFDUZHzerzJJk="
    },
    "loose-envify": {
      "version": "1.4.0",
      "resolved": "https://registry.npm.taobao.org/loose-envify/download/loose-envify-1.4.0.tgz",
      "integrity": "sha1-ce5R+nvkyuwaY4OffmgtgTLTDK8=",
      "requires": {
        "js-tokens": "^3.0.0 || ^4.0.0"
      }
    },
    "redux": {
      "version": "4.0.5",
      "resolved": "https://registry.npm.taobao.org/redux/download/redux-4.0.5.tgz",
      "integrity": "sha1-TbXeWBbheJHeioDEJCMtBvBR2T8=",
      "requires": {
        "loose-envify": "^1.4.0",
        "symbol-observable": "^1.2.0"
      }
    },
    "symbol-observable": {
      "version": "1.2.0",
      "resolved": "https://registry.npm.taobao.org/symbol-observable/download/symbol-observable-1.2.0.tgz",
      "integrity": "sha1-wiaIrtTqs83C3+rLtWFmBWCgCAQ="
    },
    "vant-weapp": {
      "version": "0.5.28",
      "resolved": "https://registry.npm.taobao.org/vant-weapp/download/vant-weapp-0.5.28.tgz",
      "integrity": "sha1-Qm7biuxShKGnvqsbXpy3PlFExBs="
    },
    "wechat-mp-redux": {
      "version": "1.0.1",
      "resolved": "https://registry.npm.taobao.org/wechat-mp-redux/download/wechat-mp-redux-1.0.1.tgz",
      "integrity": "sha1-hpWiXMZzmWOnItzp+HmEtr4jZBs="
    },
    "weui-miniprogram": {
      "version": "1.0.3",
      "resolved": "https://registry.npm.taobao.org/weui-miniprogram/download/weui-miniprogram-1.0.3.tgz",
      "integrity": "sha1-PaW95Vp0pA0J/NqbSd/nZdp5HYM="
    }
  }
}
